
Microsoft Visual Studio Solution File, Format Version 12.00
# Visual Studio Version 17
VisualStudioVersion = 17.11.35327.3
MinimumVisualStudioVersion = 10.0.40219.1
Project("{FAE04EC0-301F-11D3-BF4B-00C04F79EFBC}") = "Convertor", "Convertor\Convertor.csproj", "{373F68B4-24F1-4643-8669-03CB78A6D569}"
EndProject
Global
	GlobalSection(SolutionConfigurationPlatforms) = preSolution
		Debug|Any CPU = Debug|Any CPU
		Release|Any CPU = Release|Any CPU
	EndGlobalSection
	GlobalSection(ProjectConfigurationPlatforms) = postSolution
		{373F68B4-24F1-4643-8669-03CB78A6D569}.Debug|Any CPU.ActiveCfg = Debug|Any CPU
		{373F68B4-24F1-4643-8669-03CB78A6D569}.Debug|Any CPU.Build.0 = Debug|Any CPU
		{373F68B4-24F1-4643-8669-03CB78A6D569}.Debug|Any CPU.Deploy.0 = Debug|Any CPU
		{373F68B4-24F1-4643-8669-03CB78A6D569}.Release|Any CPU.ActiveCfg = Release|Any CPU
		{373F68B4-24F1-4643-8669-03CB78A6D569}.Release|Any CPU.Build.0 = Release|Any CPU
		{373F68B4-24F1-4643-8669-03CB78A6D569}.Release|Any CPU.Deploy.0 = Release|Any CPU
	EndGlobalSection
	GlobalSection(SolutionProperties) = preSolution
		HideSolutionNode = FALSE
	EndGlobalSection
	GlobalSection(ExtensibilityGlobals) = postSolution
		SolutionGuid = {18E12DAB-6877-4CBE-BA69-A4EAC02566B4}
	EndGlobalSection
EndGlobal
